
Microsoft Visual Studio Solution File, Format Version 12.00
# Visual Studio Version 16
VisualStudioVersion = 16.0.31313.79
MinimumVisualStudioVersion = 10.0.40219.1
Project("{FAE04EC0-301F-11D3-BF4B-00C04F79EFBC}") = "Serviexpress", "Serviexpress\Serviexpress.csproj", "{D10BA23E-A955-4C82-859D-908588ADA327}"
EndProject
Project("{FAE04EC0-301F-11D3-BF4B-00C04F79EFBC}") = "Entidades_Serviexpress", "Entidades_Serviexpress\Entidades_Serviexpress.csproj", "{2C804EE0-75FB-4D57-849B-AD94F2C57663}"
EndProject
Project("{FAE04EC0-301F-11D3-BF4B-00C04F79EFBC}") = "Datos_Serviexpress", "Datos_Serviexpress\Datos_Serviexpress.csproj", "{4EB9537B-3CA7-42A0-9704-849E362B60FE}"
EndProject
Project("{FAE04EC0-301F-11D3-BF4B-00C04F79EFBC}") = "Negocio_Serviexpress", "Negocio_Serviexpress\Negocio_Serviexpress.csproj", "{DCA2342D-7619-48C1-B08A-0E90DC61370F}"
EndProject
Global
	GlobalSection(SolutionConfigurationPlatforms) = preSolution
		Debug|Any CPU = Debug|Any CPU
		Release|Any CPU = Release|Any CPU
	EndGlobalSection
	GlobalSection(ProjectConfigurationPlatforms) = postSolution
		{D10BA23E-A955-4C82-859D-908588ADA327}.Debug|Any CPU.ActiveCfg = Debug|Any CPU
		{D10BA23E-A955-4C82-859D-908588ADA327}.Debug|Any CPU.Build.0 = Debug|Any CPU
		{D10BA23E-A955-4C82-859D-908588ADA327}.Release|Any CPU.ActiveCfg = Release|Any CPU
		{D10BA23E-A955-4C82-859D-908588ADA327}.Release|Any CPU.Build.0 = Release|Any CPU
		{2C804EE0-75FB-4D57-849B-AD94F2C57663}.Debug|Any CPU.ActiveCfg = Debug|Any CPU
		{2C804EE0-75FB-4D57-849B-AD94F2C57663}.Debug|Any CPU.Build.0 = Debug|Any CPU
		{2C804EE0-75FB-4D57-849B-AD94F2C57663}.Release|Any CPU.ActiveCfg = Release|Any CPU
		{2C804EE0-75FB-4D57-849B-AD94F2C57663}.Release|Any CPU.Build.0 = Release|Any CPU
		{4EB9537B-3CA7-42A0-9704-849E362B60FE}.Debug|Any CPU.ActiveCfg = Debug|Any CPU
		{4EB9537B-3CA7-42A0-9704-849E362B60FE}.Debug|Any CPU.Build.0 = Debug|Any CPU
		{4EB9537B-3CA7-42A0-9704-849E362B60FE}.Release|Any CPU.ActiveCfg = Release|Any CPU
		{4EB9537B-3CA7-42A0-9704-849E362B60FE}.Release|Any CPU.Build.0 = Release|Any CPU
		{DCA2342D-7619-48C1-B08A-0E90DC61370F}.Debug|Any CPU.ActiveCfg = Debug|Any CPU
		{DCA2342D-7619-48C1-B08A-0E90DC61370F}.Debug|Any CPU.Build.0 = Debug|Any CPU
		{DCA2342D-7619-48C1-B08A-0E90DC61370F}.Release|Any CPU.ActiveCfg = Release|Any CPU
		{DCA2342D-7619-48C1-B08A-0E90DC61370F}.Release|Any CPU.Build.0 = Release|Any CPU
	EndGlobalSection
	GlobalSection(SolutionProperties) = preSolution
		HideSolutionNode = FALSE
	EndGlobalSection
	GlobalSection(ExtensibilityGlobals) = postSolution
		SolutionGuid = {CA763DD2-F7B5-469B-BBA3-1A6655E8F62D}
	EndGlobalSection
EndGlobal
